<?xml version="1.0" encoding="utf-8"?>
<Project ToolsVersion="4.0" xmlns="http://schemas.microsoft.com/developer/msbuild/2003">
  <ItemGroup>
    <Filter Include="Source Files">
      <UniqueIdentifier>{4FC737F1-C7A5-4376-A066-2A32D752A2FF}</UniqueIdentifier>
      <Extensions>cpp;c;cc;cxx;c++;cppm;ixx;def;odl;idl;hpj;bat;asm;asmx</Extensions>
    </Filter>
    <Filter Include="Header Files">
      <UniqueIdentifier>{93995380-89BD-4b04-88EB-625FBE52EBFB}</UniqueIdentifier>
      <Extensions>h;hh;hpp;hxx;h++;hm;inl;inc;ipp;xsd</Extensions>
    </Filter>
    <Filter Include="Resource Files">
      <UniqueIdentifier>{67DA6AB6-F800-4c08-8B7A-83BB121AAD01}</UniqueIdentifier>
      <Extensions>rc;ico;cur;bmp;dlg;rc2;rct;bin;rgs;gif;jpg;jpeg;jpe;resx;tiff;tif;png;wav;mfcribbon-ms</Extensions>
    </Filter>
    <Filter Include="Driver">
      <UniqueIdentifier>{21627c07-7c81-411c-8816-3fa3e0dcbf3e}</UniqueIdentifier>
    </Filter>
    <Filter Include="Visuals">
      <UniqueIdentifier>{16107593-e261-4aed-b39a-7bed3abdbbf1}</UniqueIdentifier>
    </Filter>
    <Filter Include="Extras">
      <UniqueIdentifier>{37f2c94c-c54a-4e47-8324-90ccb50c1e7a}</UniqueIdentifier>
    </Filter>
    <Filter Include="ImGui">
      <UniqueIdentifier>{09e245c0-56dd-4c4b-acd7-e1490783bb5d}</UniqueIdentifier>
    </Filter>
    <Filter Include="Aimbot">
      <UniqueIdentifier>{756a0816-3463-4b08-858a-e59b0458d6fa}</UniqueIdentifier>
    </Filter>
    <Filter Include="Sdk">
      <UniqueIdentifier>{b636f4a5-9e2a-4b21-bdbd-a981fd29385b}</UniqueIdentifier>
    </Filter>
    <Filter Include="Menu">
      <UniqueIdentifier>{aaab388b-9691-40ef-a946-2a771143b7bb}</UniqueIdentifier>
    </Filter>
    <Filter Include="External">
      <UniqueIdentifier>{befd3654-9476-4719-9502-b428021dacdb}</UniqueIdentifier>
    </Filter>
    <Filter Include="External\Libs">
      <UniqueIdentifier>{cac6b916-d113-4ec3-a3ec-f44bdf244cd1}</UniqueIdentifier>
    </Filter>
    <Filter Include="Driver\Spoofing">
      <UniqueIdentifier>{4531feac-a79b-4427-9370-ea103b5ac7fc}</UniqueIdentifier>
    </Filter>
    <Filter Include="Aimbot\Aim">
      <UniqueIdentifier>{e2e63894-b910-40be-8c16-f92babab4bc0}</UniqueIdentifier>
    </Filter>
    <Filter Include="Aimbot\Aim\MouseManager">
      <UniqueIdentifier>{955e433a-c0d1-44f5-ac5f-57ebb1cc1cf7}</UniqueIdentifier>
    </Filter>
    <Filter Include="Aimbot\Aim\Method">
      <UniqueIdentifier>{8bcae735-5c7f-4c4d-9afc-d4627b0f5af8}</UniqueIdentifier>
    </Filter>
    <Filter Include="Driver\Kernel">
      <UniqueIdentifier>{025513a3-32d6-43e1-af97-fbdc5e6702ee}</UniqueIdentifier>
    </Filter>
    <Filter Include="Extras\Protection">
      <UniqueIdentifier>{4a11e516-c213-463b-aeca-789f2756e084}</UniqueIdentifier>
    </Filter>
    <Filter Include="Extras\Auth">
      <UniqueIdentifier>{95317f0f-9409-46ac-8385-b7da30f859a5}</UniqueIdentifier>
    </Filter>
  </ItemGroup>
  <ItemGroup>
    <ClInclude Include="cheat\actors\esp.hpp">
      <Filter>Visuals</Filter>
    </ClInclude>
    <ClInclude Include="render\imgui\imgui.h">
      <Filter>ImGui</Filter>
    </ClInclude>
    <ClInclude Include="render\imgui\imgui_impl_dx11.h">
      <Filter>ImGui</Filter>
    </ClInclude>
    <ClInclude Include="render\imgui\imgui_impl_win32.h">
      <Filter>ImGui</Filter>
    </ClInclude>
    <ClInclude Include="render\imgui\imgui_internal.h">
      <Filter>ImGui</Filter>
    </ClInclude>
    <ClInclude Include="render\custom\imgui_tricks.h">
      <Filter>ImGui</Filter>
    </ClInclude>
    <ClInclude Include="render\imgui\imstb_rectpack.h">
      <Filter>ImGui</Filter>
    </ClInclude>
    <ClInclude Include="render\imgui\imstb_textedit.h">
      <Filter>ImGui</Filter>
    </ClInclude>
    <ClInclude Include="render\imgui\imstb_truetype.h">
      <Filter>ImGui</Filter>
    </ClInclude>
    <ClInclude Include="cheat\actors\aimbot.hpp">
      <Filter>Aimbot</Filter>
    </ClInclude>
    <ClInclude Include="cheat\sdk.hpp">
      <Filter>Sdk</Filter>
    </ClInclude>
    <ClInclude Include="cheat\settings.hpp">
      <Filter>Sdk</Filter>
    </ClInclude>
    <ClInclude Include="util.hpp">
      <Filter>Sdk</Filter>
    </ClInclude>
    <ClInclude Include="render\menu\menu.hpp">
      <Filter>Menu</Filter>
    </ClInclude>
    <ClInclude Include="render\menu\icon.h">
      <Filter>Aimbot</Filter>
    </ClInclude>
    <ClInclude Include="iconspp.h">
      <Filter>Aimbot</Filter>
    </ClInclude>
    <ClInclude Include="cheat\kernel\impl\comms\driver.hpp">
      <Filter>Header Files</Filter>
    </ClInclude>
    <ClInclude Include="cheat\kernel\impl\include.hpp">
      <Filter>Header Files</Filter>
    </ClInclude>
    <ClInclude Include="sPOOFING.h">
      <Filter>Driver\Spoofing</Filter>
    </ClInclude>
    <ClInclude Include="cheat\mouse.hpp">
      <Filter>Aimbot\Aim\MouseManager</Filter>
    </ClInclude>
    <ClInclude Include="KernelAIm\method.h">
      <Filter>Aimbot\Aim\Method</Filter>
    </ClInclude>
    <ClInclude Include="render\imgui\imconfig.h">
      <Filter>ImGui</Filter>
    </ClInclude>
    <ClInclude Include="antivm.h">
      <Filter>Extras\Protection</Filter>
    </ClInclude>
    <ClInclude Include="anti.h">
      <Filter>Extras\Protection</Filter>
    </ClInclude>
    <ClInclude Include="anti_debugger.h">
      <Filter>Extras\Protection</Filter>
    </ClInclude>
    <ClInclude Include="antidebuggger.h">
      <Filter>Extras\Protection</Filter>
    </ClInclude>
    <ClInclude Include="render\custom\custom.h">
      <Filter>Extras\Protection</Filter>
    </ClInclude>
    <ClInclude Include="dbg.h">
      <Filter>Extras\Protection</Filter>
    </ClInclude>
    <ClInclude Include="cheat\actors\defs.h">
      <Filter>Extras\Protection</Filter>
    </ClInclude>
    <ClInclude Include="font.hpp">
      <Filter>Extras\Protection</Filter>
    </ClInclude>
    <ClInclude Include="render\custom\icons.h">
      <Filter>Extras\Protection</Filter>
    </ClInclude>
    <ClInclude Include="KernelAIm\library.h">
      <Filter>Extras\Protection</Filter>
    </ClInclude>
    <ClInclude Include="monkey.h">
      <Filter>Extras\Protection</Filter>
    </ClInclude>
    <ClInclude Include="cheat\actors\aimbot\movement.hpp">
      <Filter>Extras\Protection</Filter>
    </ClInclude>
    <ClInclude Include="render\menu\MuseoSansCyrl-300_0.h">
      <Filter>Extras\Protection</Filter>
    </ClInclude>
    <ClInclude Include="render\menu\MuseoSansCyrl-500_0.h">
      <Filter>Extras\Protection</Filter>
    </ClInclude>
    <ClInclude Include="render\menu\PoggyClean.h">
      <Filter>Extras\Protection</Filter>
    </ClInclude>
    <ClInclude Include="protector.h">
      <Filter>Extras\Protection</Filter>
    </ClInclude>
    <ClInclude Include="render\render.h">
      <Filter>Extras\Protection</Filter>
    </ClInclude>
    <ClInclude Include="resource.h">
      <Filter>Extras\Protection</Filter>
    </ClInclude>
    <ClInclude Include="cheat\structs.hpp">
      <Filter>Extras\Protection</Filter>
    </ClInclude>
    <ClInclude Include="undump.h">
      <Filter>Extras\Protection</Filter>
    </ClInclude>
    <ClInclude Include="xor.hpp">
      <Filter>Extras\Protection</Filter>
    </ClInclude>
    <ClInclude Include="auth.hpp">
      <Filter>Extras\Auth</Filter>
    </ClInclude>
    <ClInclude Include="cheat\actors\cache.h">
      <Filter>Sdk</Filter>
    </ClInclude>
  </ItemGroup>
  <ItemGroup>
    <ClCompile Include="main.cpp">
      <Filter>Source Files</Filter>
    </ClCompile>
    <ClCompile Include="render\render.cpp">
      <Filter>Source Files</Filter>
    </ClCompile>
    <ClCompile Include="render\custom\custom.cpp">
      <Filter>Source Files</Filter>
    </ClCompile>
    <ClCompile Include="cheat\actors\cache.cpp">
      <Filter>Source Files</Filter>
    </ClCompile>
    <ClCompile Include="render\imgui\imgui.cpp">
      <Filter>ImGui</Filter>
    </ClCompile>
    <ClCompile Include="render\imgui\imgui_widgets.cpp">
      <Filter>ImGui</Filter>
    </ClCompile>
    <ClCompile Include="render\custom\imgui_tricks.cpp">
      <Filter>ImGui</Filter>
    </ClCompile>
    <ClCompile Include="render\imgui\imgui_tables.cpp">
      <Filter>ImGui</Filter>
    </ClCompile>
    <ClCompile Include="render\imgui\imgui_impl_win32.cpp">
      <Filter>ImGui</Filter>
    </ClCompile>
    <ClCompile Include="render\imgui\imgui_impl_dx11.cpp">
      <Filter>ImGui</Filter>
    </ClCompile>
    <ClCompile Include="render\imgui\imgui_draw.cpp">
      <Filter>ImGui</Filter>
    </ClCompile>
    <ClCompile Include="render\imgui\imgui_demo.cpp">
      <Filter>ImGui</Filter>
    </ClCompile>
    <ClCompile Include="cheat\kernel\impl\comms\driver.cpp">
      <Filter>Driver\Kernel</Filter>
    </ClCompile>
  </ItemGroup>
  <ItemGroup>
    <ResourceCompile Include="ud asf.rc">
      <Filter>Resource Files</Filter>
    </ResourceCompile>
  </ItemGroup>
  <ItemGroup>
    <Library Include="libcurl.lib">
      <Filter>External\Libs</Filter>
    </Library>
    <Library Include="library_x64.lib">
      <Filter>External\Libs</Filter>
    </Library>
  </ItemGroup>
  <ItemGroup>
    <MASM Include="cheat\kernel\impl\comms\asm\direct_io.asm">
      <Filter>Driver\Kernel</Filter>
    </MASM>
  </ItemGroup>
</Project>